
Microsoft Visual Studio Solution File, Format Version 12.00
# Visual Studio Version 17
VisualStudioVersion = 17.2.32630.192
MinimumVisualStudioVersion = 10.0.40219.1
Project("{FAE04EC0-301F-11D3-BF4B-00C04F79EFBC}") = "Chess", "Chess\Chess.csproj", "{ED75713A-2043-47C8-B4A8-05E8820B8871}"
EndProject
Project("{FAE04EC0-301F-11D3-BF4B-00C04F79EFBC}") = "ChessCLI", "ChessCLI\ChessCLI.csproj", "{0290BB9C-AE24-4625-A9E3-85E59746D008}"
EndProject
Global
	GlobalSection(SolutionConfigurationPlatforms) = preSolution
		Debug|Any CPU = Debug|Any CPU
		Release|Any CPU = Release|Any CPU
	EndGlobalSection
	GlobalSection(ProjectConfigurationPlatforms) = postSolution
		{ED75713A-2043-47C8-B4A8-05E8820B8871}.Debug|Any CPU.ActiveCfg = Debug|Any CPU
		{ED75713A-2043-47C8-B4A8-05E8820B8871}.Debug|Any CPU.Build.0 = Debug|Any CPU
		{ED75713A-2043-47C8-B4A8-05E8820B8871}.Release|Any CPU.ActiveCfg = Release|Any CPU
		{ED75713A-2043-47C8-B4A8-05E8820B8871}.Release|Any CPU.Build.0 = Release|Any CPU
		{0290BB9C-AE24-4625-A9E3-85E59746D008}.Debug|Any CPU.ActiveCfg = Debug|Any CPU
		{0290BB9C-AE24-4625-A9E3-85E59746D008}.Debug|Any CPU.Build.0 = Debug|Any CPU
		{0290BB9C-AE24-4625-A9E3-85E59746D008}.Release|Any CPU.ActiveCfg = Release|Any CPU
		{0290BB9C-AE24-4625-A9E3-85E59746D008}.Release|Any CPU.Build.0 = Release|Any CPU
	EndGlobalSection
	GlobalSection(SolutionProperties) = preSolution
		HideSolutionNode = FALSE
	EndGlobalSection
	GlobalSection(ExtensibilityGlobals) = postSolution
		SolutionGuid = {2C263E1C-6A18-4555-8731-C32DFBBF9D7E}
	EndGlobalSection
EndGlobal
